
Microsoft Visual Studio Solution File, Format Version 12.00
# Visual Studio Version 17
VisualStudioVersion = 17.10.35122.118
MinimumVisualStudioVersion = 10.0.40219.1
Project("{FAE04EC0-301F-11D3-BF4B-00C04F79EFBC}") = "MemoryMatchingGame", "MemoryMatchingGame\MemoryMatchingGame.csproj", "{19A9B11E-8CC3-4A24-91FF-2F6C4CDB8444}"
EndProject
Global
	GlobalSection(SolutionConfigurationPlatforms) = preSolution
		Debug|Any CPU = Debug|Any CPU
		Release|Any CPU = Release|Any CPU
	EndGlobalSection
	GlobalSection(ProjectConfigurationPlatforms) = postSolution
		{19A9B11E-8CC3-4A24-91FF-2F6C4CDB8444}.Debug|Any CPU.ActiveCfg = Debug|Any CPU
		{19A9B11E-8CC3-4A24-91FF-2F6C4CDB8444}.Debug|Any CPU.Build.0 = Debug|Any CPU
		{19A9B11E-8CC3-4A24-91FF-2F6C4CDB8444}.Release|Any CPU.ActiveCfg = Release|Any CPU
		{19A9B11E-8CC3-4A24-91FF-2F6C4CDB8444}.Release|Any CPU.Build.0 = Release|Any CPU
	EndGlobalSection
	GlobalSection(SolutionProperties) = preSolution
		HideSolutionNode = FALSE
	EndGlobalSection
	GlobalSection(ExtensibilityGlobals) = postSolution
		SolutionGuid = {BA52FA71-7449-4CC5-93F5-B0F27BCEC5AF}
	EndGlobalSection
EndGlobal
